
Microsoft Visual Studio Solution File, Format Version 12.00
# Visual Studio Version 16
VisualStudioVersion = 16.0.30517.126
MinimumVisualStudioVersion = 10.0.40219.1
Project("{FAE04EC0-301F-11D3-BF4B-00C04F79EFBC}") = "WebApp", "WebApplication1\WebApp.csproj", "{8BC1028F-8547-46D9-8270-A0FE6F9FC275}"
EndProject
Global
	GlobalSection(SolutionConfigurationPlatforms) = preSolution
		Debug|Any CPU = Debug|Any CPU
		Release|Any CPU = Release|Any CPU
	EndGlobalSection
	GlobalSection(ProjectConfigurationPlatforms) = postSolution
		{8BC1028F-8547-46D9-8270-A0FE6F9FC275}.Debug|Any CPU.ActiveCfg = Debug|Any CPU
		{8BC1028F-8547-46D9-8270-A0FE6F9FC275}.Debug|Any CPU.Build.0 = Debug|Any CPU
		{8BC1028F-8547-46D9-8270-A0FE6F9FC275}.Release|Any CPU.ActiveCfg = Release|Any CPU
		{8BC1028F-8547-46D9-8270-A0FE6F9FC275}.Release|Any CPU.Build.0 = Release|Any CPU
	EndGlobalSection
	GlobalSection(SolutionProperties) = preSolution
		HideSolutionNode = FALSE
	EndGlobalSection
	GlobalSection(ExtensibilityGlobals) = postSolution
		SolutionGuid = {3FC4AA2A-D465-46C0-969E-3734B41EC432}
	EndGlobalSection
EndGlobal
